// !$*UTF8*$!
{
	archiveVersion = 1;
	classes = {
	};
	objectVersion = 56;
	objects = {

/* Begin PBXBuildFile section */
		3E21B1282C26A88200EAC0C3 /* NoteShelfApp.swift in Sources */ = {isa = PBXBuildFile; fileRef = 3E21B1272C26A88200EAC0C3 /* NoteShelfApp.swift */; };
		3E21B12A2C26A88200EAC0C3 /* ContentView.swift in Sources */ = {isa = PBXBuildFile; fileRef = 3E21B1292C26A88200EAC0C3 /* ContentView.swift */; };
		3E21B12C2C26A88400EAC0C3 /* Assets.xcassets in Resources */ = {isa = PBXBuildFile; fileRef = 3E21B12B2C26A88400EAC0C3 /* Assets.xcassets */; };
		3E21B12F2C26A88400EAC0C3 /* Preview Assets.xcassets in Resources */ = {isa = PBXBuildFile; fileRef = 3E21B12E2C26A88400EAC0C3 /* Preview Assets.xcassets */; };
		3E21B1392C26A88400EAC0C3 /* NoteShelfTests.swift in Sources */ = {isa = PBXBuildFile; fileRef = 3E21B1382C26A88400EAC0C3 /* NoteShelfTests.swift */; };
		3E21B1432C26A88400EAC0C3 /* NoteShelfUITests.swift in Sources */ = {isa = PBXBuildFile; fileRef = 3E21B1422C26A88400EAC0C3 /* NoteShelfUITests.swift */; };
		3E21B1452C26A88400EAC0C3 /* NoteShelfUITestsLaunchTests.swift in Sources */ = {isa = PBXBuildFile; fileRef = 3E21B1442C26A88400EAC0C3 /* NoteShelfUITestsLaunchTests.swift */; };
		3E21B1552C26AA3400EAC0C3 /* Book.swift in Sources */ = {isa = PBXBuildFile; fileRef = 3E21B1542C26AA3400EAC0C3 /* Book.swift */; };
		3E21B1572C26AA3E00EAC0C3 /* Note.swift in Sources */ = {isa = PBXBuildFile; fileRef = 3E21B1562C26AA3E00EAC0C3 /* Note.swift */; };
		3E21B1592C26AA4900EAC0C3 /* SortOption.swift in Sources */ = {isa = PBXBuildFile; fileRef = 3E21B1582C26AA4900EAC0C3 /* SortOption.swift */; };
		3E21B15B2C26AA5A00EAC0C3 /* BookViewModel.swift in Sources */ = {isa = PBXBuildFile; fileRef = 3E21B15A2C26AA5A00EAC0C3 /* BookViewModel.swift */; };
		3E21B15D2C26AA6400EAC0C3 /* NoteViewModel.swift in Sources */ = {isa = PBXBuildFile; fileRef = 3E21B15C2C26AA6400EAC0C3 /* NoteViewModel.swift */; };
		3E21B15F2C26AA7D00EAC0C3 /* AddBookView.swift in Sources */ = {isa = PBXBuildFile; fileRef = 3E21B15E2C26AA7D00EAC0C3 /* AddBookView.swift */; };
		3E21B1612C26AA8500EAC0C3 /* AddNoteView.swift in Sources */ = {isa = PBXBuildFile; fileRef = 3E21B1602C26AA8500EAC0C3 /* AddNoteView.swift */; };
		3E21B1632C26AA8E00EAC0C3 /* BookDetailView.swift in Sources */ = {isa = PBXBuildFile; fileRef = 3E21B1622C26AA8E00EAC0C3 /* BookDetailView.swift */; };
		3E21B1652C26AA9600EAC0C3 /* AddReminderView.swift in Sources */ = {isa = PBXBuildFile; fileRef = 3E21B1642C26AA9600EAC0C3 /* AddReminderView.swift */; };
		3E21B1682C26AAAB00EAC0C3 /* ExportSheet.swift in Sources */ = {isa = PBXBuildFile; fileRef = 3E21B1672C26AAAB00EAC0C3 /* ExportSheet.swift */; };
		3E21B16A2C26AAB600EAC0C3 /* SearchBar.swift in Sources */ = {isa = PBXBuildFile; fileRef = 3E21B1692C26AAB600EAC0C3 /* SearchBar.swift */; };
		3E21B16C2C26AAC000EAC0C3 /* ImagePicker.swift in Sources */ = {isa = PBXBuildFile; fileRef = 3E21B16B2C26AAC000EAC0C3 /* ImagePicker.swift */; };
/* End PBXBuildFile section */

/* Begin PBXContainerItemProxy section */
		3E21B1352C26A88400EAC0C3 /* PBXContainerItemProxy */ = {
			isa = PBXContainerItemProxy;
			containerPortal = 3E21B11C2C26A88200EAC0C3 /* Project object */;
			proxyType = 1;
			remoteGlobalIDString = 3E21B1232C26A88200EAC0C3;
			remoteInfo = NoteShelf;
		};
		3E21B13F2C26A88400EAC0C3 /* PBXContainerItemProxy */ = {
			isa = PBXContainerItemProxy;
			containerPortal = 3E21B11C2C26A88200EAC0C3 /* Project object */;
			proxyType = 1;
			remoteGlobalIDString = 3E21B1232C26A88200EAC0C3;
			remoteInfo = NoteShelf;
		};
/* End PBXContainerItemProxy section */

/* Begin PBXFileReference section */
		3E21B1242C26A88200EAC0C3 /* NoteShelf.app */ = {isa = PBXFileReference; explicitFileType = wrapper.application; includeInIndex = 0; path = NoteShelf.app; sourceTree = BUILT_PRODUCTS_DIR; };
		3E21B1272C26A88200EAC0C3 /* NoteShelfApp.swift */ = {isa = PBXFileReference; lastKnownFileType = sourcecode.swift; path = NoteShelfApp.swift; sourceTree = "<group>"; };
		3E21B1292C26A88200EAC0C3 /* ContentView.swift */ = {isa = PBXFileReference; lastKnownFileType = sourcecode.swift; path = ContentView.swift; sourceTree = "<group>"; };
		3E21B12B2C26A88400EAC0C3 /* Assets.xcassets */ = {isa = PBXFileReference; lastKnownFileType = folder.assetcatalog; path = Assets.xcassets; sourceTree = "<group>"; };
		3E21B12E2C26A88400EAC0C3 /* Preview Assets.xcassets */ = {isa = PBXFileReference; lastKnownFileType = folder.assetcatalog; path = "Preview Assets.xcassets"; sourceTree = "<group>"; };
		3E21B1342C26A88400EAC0C3 /* NoteShelfTests.xctest */ = {isa = PBXFileReference; explicitFileType = wrapper.cfbundle; includeInIndex = 0; path = NoteShelfTests.xctest; sourceTree = BUILT_PRODUCTS_DIR; };
		3E21B1382C26A88400EAC0C3 /* NoteShelfTests.swift */ = {isa = PBXFileReference; lastKnownFileType = sourcecode.swift; path = NoteShelfTests.swift; sourceTree = "<group>"; };
		3E21B13E2C26A88400EAC0C3 /* NoteShelfUITests.xctest */ = {isa = PBXFileReference; explicitFileType = wrapper.cfbundle; includeInIndex = 0; path = NoteShelfUITests.xctest; sourceTree = BUILT_PRODUCTS_DIR; };
		3E21B1422C26A88400EAC0C3 /* NoteShelfUITests.swift */ = {isa = PBXFileReference; lastKnownFileType = sourcecode.swift; path = NoteShelfUITests.swift; sourceTree = "<group>"; };
		3E21B1442C26A88400EAC0C3 /* NoteShelfUITestsLaunchTests.swift */ = {isa = PBXFileReference; lastKnownFileType = sourcecode.swift; path = NoteShelfUITestsLaunchTests.swift; sourceTree = "<group>"; };
		3E21B1542C26AA3400EAC0C3 /* Book.swift */ = {isa = PBXFileReference; lastKnownFileType = sourcecode.swift; path = Book.swift; sourceTree = "<group>"; };
		3E21B1562C26AA3E00EAC0C3 /* Note.swift */ = {isa = PBXFileReference; lastKnownFileType = sourcecode.swift; path = Note.swift; sourceTree = "<group>"; };
		3E21B1582C26AA4900EAC0C3 /* SortOption.swift */ = {isa = PBXFileReference; lastKnownFileType = sourcecode.swift; path = SortOption.swift; sourceTree = "<group>"; };
		3E21B15A2C26AA5A00EAC0C3 /* BookViewModel.swift */ = {isa = PBXFileReference; lastKnownFileType = sourcecode.swift; path = BookViewModel.swift; sourceTree = "<group>"; };
		3E21B15C2C26AA6400EAC0C3 /* NoteViewModel.swift */ = {isa = PBXFileReference; lastKnownFileType = sourcecode.swift; path = NoteViewModel.swift; sourceTree = "<group>"; };
		3E21B15E2C26AA7D00EAC0C3 /* AddBookView.swift */ = {isa = PBXFileReference; lastKnownFileType = sourcecode.swift; path = AddBookView.swift; sourceTree = "<group>"; };
		3E21B1602C26AA8500EAC0C3 /* AddNoteView.swift */ = {isa = PBXFileReference; lastKnownFileType = sourcecode.swift; path = AddNoteView.swift; sourceTree = "<group>"; };
		3E21B1622C26AA8E00EAC0C3 /* BookDetailView.swift */ = {isa = PBXFileReference; lastKnownFileType = sourcecode.swift; path = BookDetailView.swift; sourceTree = "<group>"; };
		3E21B1642C26AA9600EAC0C3 /* AddReminderView.swift */ = {isa = PBXFileReference; lastKnownFileType = sourcecode.swift; path = AddReminderView.swift; sourceTree = "<group>"; };
		3E21B1672C26AAAB00EAC0C3 /* ExportSheet.swift */ = {isa = PBXFileReference; lastKnownFileType = sourcecode.swift; path = ExportSheet.swift; sourceTree = "<group>"; };
		3E21B1692C26AAB600EAC0C3 /* SearchBar.swift */ = {isa = PBXFileReference; lastKnownFileType = sourcecode.swift; path = SearchBar.swift; sourceTree = "<group>"; };
		3E21B16B2C26AAC000EAC0C3 /* ImagePicker.swift */ = {isa = PBXFileReference; lastKnownFileType = sourcecode.swift; path = ImagePicker.swift; sourceTree = "<group>"; };
/* End PBXFileReference section */

/* Begin PBXFrameworksBuildPhase section */
		3E21B1212C26A88200EAC0C3 /* Frameworks */ = {
			isa = PBXFrameworksBuildPhase;
			buildActionMask = 2147483647;
			files = (
			);
			runOnlyForDeploymentPostprocessing = 0;
		};
		3E21B1312C26A88400EAC0C3 /* Frameworks */ = {
			isa = PBXFrameworksBuildPhase;
			buildActionMask = 2147483647;
			files = (
			);
			runOnlyForDeploymentPostprocessing = 0;
		};
		3E21B13B2C26A88400EAC0C3 /* Frameworks */ = {
			isa = PBXFrameworksBuildPhase;
			buildActionMask = 2147483647;
			files = (
			);
			runOnlyForDeploymentPostprocessing = 0;
		};
/* End PBXFrameworksBuildPhase section */

/* Begin PBXGroup section */
		3E21B11B2C26A88200EAC0C3 = {
			isa = PBXGroup;
			children = (
				3E21B1262C26A88200EAC0C3 /* NoteShelf */,
				3E21B1372C26A88400EAC0C3 /* NoteShelfTests */,
				3E21B1412C26A88400EAC0C3 /* NoteShelfUITests */,
				3E21B1252C26A88200EAC0C3 /* Products */,
			);
			sourceTree = "<group>";
		};
		3E21B1252C26A88200EAC0C3 /* Products */ = {
			isa = PBXGroup;
			children = (
				3E21B1242C26A88200EAC0C3 /* NoteShelf.app */,
				3E21B1342C26A88400EAC0C3 /* NoteShelfTests.xctest */,
				3E21B13E2C26A88400EAC0C3 /* NoteShelfUITests.xctest */,
			);
			name = Products;
			sourceTree = "<group>";
		};
		3E21B1262C26A88200EAC0C3 /* NoteShelf */ = {
			isa = PBXGroup;
			children = (
				3E21B1512C26A9ED00EAC0C3 /* Model */,
				3E21B1522C26A9FC00EAC0C3 /* ViewModel */,
				3E21B1532C26AA0900EAC0C3 /* View */,
				3E21B1272C26A88200EAC0C3 /* NoteShelfApp.swift */,
				3E21B12B2C26A88400EAC0C3 /* Assets.xcassets */,
				3E21B12D2C26A88400EAC0C3 /* Preview Content */,
			);
			path = NoteShelf;
			sourceTree = "<group>";
		};
		3E21B12D2C26A88400EAC0C3 /* Preview Content */ = {
			isa = PBXGroup;
			children = (
				3E21B12E2C26A88400EAC0C3 /* Preview Assets.xcassets */,
			);
			path = "Preview Content";
			sourceTree = "<group>";
		};
		3E21B1372C26A88400EAC0C3 /* NoteShelfTests */ = {
			isa = PBXGroup;
			children = (
				3E21B1382C26A88400EAC0C3 /* NoteShelfTests.swift */,
			);
			path = NoteShelfTests;
			sourceTree = "<group>";
		};
		3E21B1412C26A88400EAC0C3 /* NoteShelfUITests */ = {
			isa = PBXGroup;
			children = (
				3E21B1422C26A88400EAC0C3 /* NoteShelfUITests.swift */,
				3E21B1442C26A88400EAC0C3 /* NoteShelfUITestsLaunchTests.swift */,
			);
			path = NoteShelfUITests;
			sourceTree = "<group>";
		};
		3E21B1512C26A9ED00EAC0C3 /* Model */ = {
			isa = PBXGroup;
			children = (
				3E21B1542C26AA3400EAC0C3 /* Book.swift */,
				3E21B1562C26AA3E00EAC0C3 /* Note.swift */,
				3E21B1582C26AA4900EAC0C3 /* SortOption.swift */,
			);
			path = Model;
			sourceTree = "<group>";
		};
		3E21B1522C26A9FC00EAC0C3 /* ViewModel */ = {
			isa = PBXGroup;
			children = (
				3E21B15A2C26AA5A00EAC0C3 /* BookViewModel.swift */,
				3E21B15C2C26AA6400EAC0C3 /* NoteViewModel.swift */,
			);
			path = ViewModel;
			sourceTree = "<group>";
		};
		3E21B1532C26AA0900EAC0C3 /* View */ = {
			isa = PBXGroup;
			children = (
				3E21B1292C26A88200EAC0C3 /* ContentView.swift */,
				3E21B15E2C26AA7D00EAC0C3 /* AddBookView.swift */,
				3E21B1602C26AA8500EAC0C3 /* AddNoteView.swift */,
				3E21B1622C26AA8E00EAC0C3 /* BookDetailView.swift */,
				3E21B1642C26AA9600EAC0C3 /* AddReminderView.swift */,
				3E21B1672C26AAAB00EAC0C3 /* ExportSheet.swift */,
				3E21B1692C26AAB600EAC0C3 /* SearchBar.swift */,
				3E21B16B2C26AAC000EAC0C3 /* ImagePicker.swift */,
			);
			path = View;
			sourceTree = "<group>";
		};
/* End PBXGroup section */

/* Begin PBXNativeTarget section */
		3E21B1232C26A88200EAC0C3 /* NoteShelf */ = {
			isa = PBXNativeTarget;
			buildConfigurationList = 3E21B1482C26A88400EAC0C3 /* Build configuration list for PBXNativeTarget "NoteShelf" */;
			buildPhases = (
				3E21B1202C26A88200EAC0C3 /* Sources */,
				3E21B1212C26A88200EAC0C3 /* Frameworks */,
				3E21B1222C26A88200EAC0C3 /* Resources */,
			);
			buildRules = (
			);
			dependencies = (
			);
			name = NoteShelf;
			productName = NoteShelf;
			productReference = 3E21B1242C26A88200EAC0C3 /* NoteShelf.app */;
			productType = "com.apple.product-type.application";
		};
		3E21B1332C26A88400EAC0C3 /* NoteShelfTests */ = {
			isa = PBXNativeTarget;
			buildConfigurationList = 3E21B14B2C26A88400EAC0C3 /* Build configuration list for PBXNativeTarget "NoteShelfTests" */;
			buildPhases = (
				3E21B1302C26A88400EAC0C3 /* Sources */,
				3E21B1312C26A88400EAC0C3 /* Frameworks */,
				3E21B1322C26A88400EAC0C3 /* Resources */,
			);
			buildRules = (
			);
			dependencies = (
				3E21B1362C26A88400EAC0C3 /* PBXTargetDependency */,
			);
			name = NoteShelfTests;
			productName = NoteShelfTests;
			productReference = 3E21B1342C26A88400EAC0C3 /* NoteShelfTests.xctest */;
			productType = "com.apple.product-type.bundle.unit-test";
		};
		3E21B13D2C26A88400EAC0C3 /* NoteShelfUITests */ = {
			isa = PBXNativeTarget;
			buildConfigurationList = 3E21B14E2C26A88400EAC0C3 /* Build configuration list for PBXNativeTarget "NoteShelfUITests" */;
			buildPhases = (
				3E21B13A2C26A88400EAC0C3 /* Sources */,
				3E21B13B2C26A88400EAC0C3 /* Frameworks */,
				3E21B13C2C26A88400EAC0C3 /* Resources */,
			);
			buildRules = (
			);
			dependencies = (
				3E21B1402C26A88400EAC0C3 /* PBXTargetDependency */,
			);
			name = NoteShelfUITests;
			productName = NoteShelfUITests;
			productReference = 3E21B13E2C26A88400EAC0C3 /* NoteShelfUITests.xctest */;
			productType = "com.apple.product-type.bundle.ui-testing";
		};
/* End PBXNativeTarget section */

/* Begin PBXProject section */
		3E21B11C2C26A88200EAC0C3 /* Project object */ = {
			isa = PBXProject;
			attributes = {
				BuildIndependentTargetsInParallel = 1;
				LastSwiftUpdateCheck = 1500;
				LastUpgradeCheck = 1500;
				TargetAttributes = {
					3E21B1232C26A88200EAC0C3 = {
						CreatedOnToolsVersion = 15.0;
					};
					3E21B1332C26A88400EAC0C3 = {
						CreatedOnToolsVersion = 15.0;
						TestTargetID = 3E21B1232C26A88200EAC0C3;
					};
					3E21B13D2C26A88400EAC0C3 = {
						CreatedOnToolsVersion = 15.0;
						TestTargetID = 3E21B1232C26A88200EAC0C3;
					};
				};
			};
			buildConfigurationList = 3E21B11F2C26A88200EAC0C3 /* Build configuration list for PBXProject "NoteShelf" */;
			compatibilityVersion = "Xcode 14.0";
			developmentRegion = en;
			hasScannedForEncodings = 0;
			knownRegions = (
				en,
				Base,
			);
			mainGroup = 3E21B11B2C26A88200EAC0C3;
			productRefGroup = 3E21B1252C26A88200EAC0C3 /* Products */;
			projectDirPath = "";
			projectRoot = "";
			targets = (
				3E21B1232C26A88200EAC0C3 /* NoteShelf */,
				3E21B1332C26A88400EAC0C3 /* NoteShelfTests */,
				3E21B13D2C26A88400EAC0C3 /* NoteShelfUITests */,
			);
		};
/* End PBXProject section */

/* Begin PBXResourcesBuildPhase section */
		3E21B1222C26A88200EAC0C3 /* Resources */ = {
			isa = PBXResourcesBuildPhase;
			buildActionMask = 2147483647;
			files = (
				3E21B12F2C26A88400EAC0C3 /* Preview Assets.xcassets in Resources */,
				3E21B12C2C26A88400EAC0C3 /* Assets.xcassets in Resources */,
			);
			runOnlyForDeploymentPostprocessing = 0;
		};
		3E21B1322C26A88400EAC0C3 /* Resources */ = {
			isa = PBXResourcesBuildPhase;
			buildActionMask = 2147483647;
			files = (
			);
			runOnlyForDeploymentPostprocessing = 0;
		};
		3E21B13C2C26A88400EAC0C3 /* Resources */ = {
			isa = PBXResourcesBuildPhase;
			buildActionMask = 2147483647;
			files = (
			);
			runOnlyForDeploymentPostprocessing = 0;
		};
/* End PBXResourcesBuildPhase section */

/* Begin PBXSourcesBuildPhase section */
		3E21B1202C26A88200EAC0C3 /* Sources */ = {
			isa = PBXSourcesBuildPhase;
			buildActionMask = 2147483647;
			files = (
				3E21B16A2C26AAB600EAC0C3 /* SearchBar.swift in Sources */,
				3E21B15D2C26AA6400EAC0C3 /* NoteViewModel.swift in Sources */,
				3E21B12A2C26A88200EAC0C3 /* ContentView.swift in Sources */,
				3E21B16C2C26AAC000EAC0C3 /* ImagePicker.swift in Sources */,
				3E21B1632C26AA8E00EAC0C3 /* BookDetailView.swift in Sources */,
				3E21B1592C26AA4900EAC0C3 /* SortOption.swift in Sources */,
				3E21B15F2C26AA7D00EAC0C3 /* AddBookView.swift in Sources */,
				3E21B1282C26A88200EAC0C3 /* NoteShelfApp.swift in Sources */,
				3E21B1552C26AA3400EAC0C3 /* Book.swift in Sources */,
				3E21B1682C26AAAB00EAC0C3 /* ExportSheet.swift in Sources */,
				3E21B1652C26AA9600EAC0C3 /* AddReminderView.swift in Sources */,
				3E21B1612C26AA8500EAC0C3 /* AddNoteView.swift in Sources */,
				3E21B1572C26AA3E00EAC0C3 /* Note.swift in Sources */,
				3E21B15B2C26AA5A00EAC0C3 /* BookViewModel.swift in Sources */,
			);
			runOnlyForDeploymentPostprocessing = 0;
		};
		3E21B1302C26A88400EAC0C3 /* Sources */ = {
			isa = PBXSourcesBuildPhase;
			buildActionMask = 2147483647;
			files = (
				3E21B1392C26A88400EAC0C3 /* NoteShelfTests.swift in Sources */,
			);
			runOnlyForDeploymentPostprocessing = 0;
		};
		3E21B13A2C26A88400EAC0C3 /* Sources */ = {
			isa = PBXSourcesBuildPhase;
			buildActionMask = 2147483647;
			files = (
				3E21B1432C26A88400EAC0C3 /* NoteShelfUITests.swift in Sources */,
				3E21B1452C26A88400EAC0C3 /* NoteShelfUITestsLaunchTests.swift in Sources */,
			);
			runOnlyForDeploymentPostprocessing = 0;
		};
/* End PBXSourcesBuildPhase section */

/* Begin PBXTargetDependency section */
		3E21B1362C26A88400EAC0C3 /* PBXTargetDependency */ = {
			isa = PBXTargetDependency;
			target = 3E21B1232C26A88200EAC0C3 /* NoteShelf */;
			targetProxy = 3E21B1352C26A88400EAC0C3 /* PBXContainerItemProxy */;
		};
		3E21B1402C26A88400EAC0C3 /* PBXTargetDependency */ = {
			isa = PBXTargetDependency;
			target = 3E21B1232C26A88200EAC0C3 /* NoteShelf */;
			targetProxy = 3E21B13F2C26A88400EAC0C3 /* PBXContainerItemProxy */;
		};
/* End PBXTargetDependency section */

/* Begin XCBuildConfiguration section */
		3E21B1462C26A88400EAC0C3 /* Debug */ = {
			isa = XCBuildConfiguration;
			buildSettings = {
				ALWAYS_SEARCH_USER_PATHS = NO;
				ASSETCATALOG_COMPILER_GENERATE_SWIFT_ASSET_SYMBOL_EXTENSIONS = YES;
				CLANG_ANALYZER_NONNULL = YES;
				CLANG_ANALYZER_NUMBER_OBJECT_CONVERSION = YES_AGGRESSIVE;
				CLANG_CXX_LANGUAGE_STANDARD = "gnu++20";
				CLANG_ENABLE_MODULES = YES;
				CLANG_ENABLE_OBJC_ARC = YES;
				CLANG_ENABLE_OBJC_WEAK = YES;
				CLANG_WARN_BLOCK_CAPTURE_AUTORELEASING = YES;
				CLANG_WARN_BOOL_CONVERSION = YES;
				CLANG_WARN_COMMA = YES;
				CLANG_WARN_CONSTANT_CONVERSION = YES;
				CLANG_WARN_DEPRECATED_OBJC_IMPLEMENTATIONS = YES;
				CLANG_WARN_DIRECT_OBJC_ISA_USAGE = YES_ERROR;
				CLANG_WARN_DOCUMENTATION_COMMENTS = YES;
				CLANG_WARN_EMPTY_BODY = YES;
				CLANG_WARN_ENUM_CONVERSION = YES;
				CLANG_WARN_INFINITE_RECURSION = YES;
				CLANG_WARN_INT_CONVERSION = YES;
				CLANG_WARN_NON_LITERAL_NULL_CONVERSION = YES;
				CLANG_WARN_OBJC_IMPLICIT_RETAIN_SELF = YES;
				CLANG_WARN_OBJC_LITERAL_CONVERSION = YES;
				CLANG_WARN_OBJC_ROOT_CLASS = YES_ERROR;
				CLANG_WARN_QUOTED_INCLUDE_IN_FRAMEWORK_HEADER = YES;
				CLANG_WARN_RANGE_LOOP_ANALYSIS = YES;
				CLANG_WARN_STRICT_PROTOTYPES = YES;
				CLANG_WARN_SUSPICIOUS_MOVE = YES;
				CLANG_WARN_UNGUARDED_AVAILABILITY = YES_AGGRESSIVE;
				CLANG_WARN_UNREACHABLE_CODE = YES;
				CLANG_WARN__DUPLICATE_METHOD_MATCH = YES;
				COPY_PHASE_STRIP = NO;
				DEBUG_INFORMATION_FORMAT = dwarf;
				ENABLE_STRICT_OBJC_MSGSEND = YES;
				ENABLE_TESTABILITY = YES;
				ENABLE_USER_SCRIPT_SANDBOXING = YES;
				GCC_C_LANGUAGE_STANDARD = gnu17;
				GCC_DYNAMIC_NO_PIC = NO;
				GCC_NO_COMMON_BLOCKS = YES;
				GCC_OPTIMIZATION_LEVEL = 0;
				GCC_PREPROCESSOR_DEFINITIONS = (
					"DEBUG=1",
					"$(inherited)",
				);
				GCC_WARN_64_TO_32_BIT_CONVERSION = YES;
				GCC_WARN_ABOUT_RETURN_TYPE = YES_ERROR;
				GCC_WARN_UNDECLARED_SELECTOR = YES;
				GCC_WARN_UNINITIALIZED_AUTOS = YES_AGGRESSIVE;
				GCC_WARN_UNUSED_FUNCTION = YES;
				GCC_WARN_UNUSED_VARIABLE = YES;
				IPHONEOS_DEPLOYMENT_TARGET = 17.0;
				LOCALIZATION_PREFERS_STRING_CATALOGS = YES;
				MTL_ENABLE_DEBUG_INFO = INCLUDE_SOURCE;
				MTL_FAST_MATH = YES;
				ONLY_ACTIVE_ARCH = YES;
				SDKROOT = iphoneos;
				SWIFT_ACTIVE_COMPILATION_CONDITIONS = "DEBUG $(inherited)";
				SWIFT_OPTIMIZATION_LEVEL = "-Onone";
			};
			name = Debug;
		};
		3E21B1472C26A88400EAC0C3 /* Release */ = {
			isa = XCBuildConfiguration;
			buildSettings = {
				ALWAYS_SEARCH_USER_PATHS = NO;
				ASSETCATALOG_COMPILER_GENERATE_SWIFT_ASSET_SYMBOL_EXTENSIONS = YES;
				CLANG_ANALYZER_NONNULL = YES;
				CLANG_ANALYZER_NUMBER_OBJECT_CONVERSION = YES_AGGRESSIVE;
				CLANG_CXX_LANGUAGE_STANDARD = "gnu++20";
				CLANG_ENABLE_MODULES = YES;
				CLANG_ENABLE_OBJC_ARC = YES;
				CLANG_ENABLE_OBJC_WEAK = YES;
				CLANG_WARN_BLOCK_CAPTURE_AUTORELEASING = YES;
				CLANG_WARN_BOOL_CONVERSION = YES;
				CLANG_WARN_COMMA = YES;
				CLANG_WARN_CONSTANT_CONVERSION = YES;
				CLANG_WARN_DEPRECATED_OBJC_IMPLEMENTATIONS = YES;
				CLANG_WARN_DIRECT_OBJC_ISA_USAGE = YES_ERROR;
				CLANG_WARN_DOCUMENTATION_COMMENTS = YES;
				CLANG_WARN_EMPTY_BODY = YES;
				CLANG_WARN_ENUM_CONVERSION = YES;
				CLANG_WARN_INFINITE_RECURSION = YES;
				CLANG_WARN_INT_CONVERSION = YES;
				CLANG_WARN_NON_LITERAL_NULL_CONVERSION = YES;
				CLANG_WARN_OBJC_IMPLICIT_RETAIN_SELF = YES;
				CLANG_WARN_OBJC_LITERAL_CONVERSION = YES;
				CLANG_WARN_OBJC_ROOT_CLASS = YES_ERROR;
				CLANG_WARN_QUOTED_INCLUDE_IN_FRAMEWORK_HEADER = YES;
				CLANG_WARN_RANGE_LOOP_ANALYSIS = YES;
				CLANG_WARN_STRICT_PROTOTYPES = YES;
				CLANG_WARN_SUSPICIOUS_MOVE = YES;
				CLANG_WARN_UNGUARDED_AVAILABILITY = YES_AGGRESSIVE;
				CLANG_WARN_UNREACHABLE_CODE = YES;
				CLANG_WARN__DUPLICATE_METHOD_MATCH = YES;
				COPY_PHASE_STRIP = NO;
				DEBUG_INFORMATION_FORMAT = "dwarf-with-dsym";
				ENABLE_NS_ASSERTIONS = NO;
				ENABLE_STRICT_OBJC_MSGSEND = YES;
				ENABLE_USER_SCRIPT_SANDBOXING = YES;
				GCC_C_LANGUAGE_STANDARD = gnu17;
				GCC_NO_COMMON_BLOCKS = YES;
				GCC_WARN_64_TO_32_BIT_CONVERSION = YES;
				GCC_WARN_ABOUT_RETURN_TYPE = YES_ERROR;
				GCC_WARN_UNDECLARED_SELECTOR = YES;
				GCC_WARN_UNINITIALIZED_AUTOS = YES_AGGRESSIVE;
				GCC_WARN_UNUSED_FUNCTION = YES;
				GCC_WARN_UNUSED_VARIABLE = YES;
				IPHONEOS_DEPLOYMENT_TARGET = 17.0;
				LOCALIZATION_PREFERS_STRING_CATALOGS = YES;
				MTL_ENABLE_DEBUG_INFO = NO;
				MTL_FAST_MATH = YES;
				SDKROOT = iphoneos;
				SWIFT_COMPILATION_MODE = wholemodule;
				VALIDATE_PRODUCT = YES;
			};
			name = Release;
		};
		3E21B1492C26A88400EAC0C3 /* Debug */ = {
			isa = XCBuildConfiguration;
			buildSettings = {
				ASSETCATALOG_COMPILER_APPICON_NAME = AppIcon;
				ASSETCATALOG_COMPILER_GLOBAL_ACCENT_COLOR_NAME = AccentColor;
				CODE_SIGN_STYLE = Automatic;
				CURRENT_PROJECT_VERSION = 1;
				DEVELOPMENT_ASSET_PATHS = "\"NoteShelf/Preview Content\"";
				DEVELOPMENT_TEAM = 7FHY9673Y8;
				ENABLE_PREVIEWS = YES;
				GENERATE_INFOPLIST_FILE = YES;
				INFOPLIST_KEY_UIApplicationSceneManifest_Generation = YES;
				INFOPLIST_KEY_UIApplicationSupportsIndirectInputEvents = YES;
				INFOPLIST_KEY_UILaunchScreen_Generation = YES;
				INFOPLIST_KEY_UISupportedInterfaceOrientations_iPad = "UIInterfaceOrientationPortrait UIInterfaceOrientationPortraitUpsideDown UIInterfaceOrientationLandscapeLeft UIInterfaceOrientationLandscapeRight";
				INFOPLIST_KEY_UISupportedInterfaceOrientations_iPhone = "UIInterfaceOrientationPortrait UIInterfaceOrientationLandscapeLeft UIInterfaceOrientationLandscapeRight";
				LD_RUNPATH_SEARCH_PATHS = (
					"$(inherited)",
					"@executable_path/Frameworks",
				);
				MARKETING_VERSION = 1.0;
				PRODUCT_BUNDLE_IDENTIFIER = Yasunari.Osakabe.NoteShelf;
				PRODUCT_NAME = "$(TARGET_NAME)";
				SWIFT_EMIT_LOC_STRINGS = YES;
				SWIFT_VERSION = 5.0;
				TARGETED_DEVICE_FAMILY = "1,2";
			};
			name = Debug;
		};
		3E21B14A2C26A88400EAC0C3 /* Release */ = {
			isa = XCBuildConfiguration;
			buildSettings = {
				ASSETCATALOG_COMPILER_APPICON_NAME = AppIcon;
				ASSETCATALOG_COMPILER_GLOBAL_ACCENT_COLOR_NAME = AccentColor;
				CODE_SIGN_STYLE = Automatic;
				CURRENT_PROJECT_VERSION = 1;
				DEVELOPMENT_ASSET_PATHS = "\"NoteShelf/Preview Content\"";
				DEVELOPMENT_TEAM = 7FHY9673Y8;
				ENABLE_PREVIEWS = YES;
				GENERATE_INFOPLIST_FILE = YES;
				INFOPLIST_KEY_UIApplicationSceneManifest_Generation = YES;
				INFOPLIST_KEY_UIApplicationSupportsIndirectInputEvents = YES;
				INFOPLIST_KEY_UILaunchScreen_Generation = YES;
				INFOPLIST_KEY_UISupportedInterfaceOrientations_iPad = "UIInterfaceOrientationPortrait UIInterfaceOrientationPortraitUpsideDown UIInterfaceOrientationLandscapeLeft UIInterfaceOrientationLandscapeRight";
				INFOPLIST_KEY_UISupportedInterfaceOrientations_iPhone = "UIInterfaceOrientationPortrait UIInterfaceOrientationLandscapeLeft UIInterfaceOrientationLandscapeRight";
				LD_RUNPATH_SEARCH_PATHS = (
					"$(inherited)",
					"@executable_path/Frameworks",
				);
				MARKETING_VERSION = 1.0;
				PRODUCT_BUNDLE_IDENTIFIER = Yasunari.Osakabe.NoteShelf;
				PRODUCT_NAME = "$(TARGET_NAME)";
				SWIFT_EMIT_LOC_STRINGS = YES;
				SWIFT_VERSION = 5.0;
				TARGETED_DEVICE_FAMILY = "1,2";
			};
			name = Release;
		};
		3E21B14C2C26A88400EAC0C3 /* Debug */ = {
			isa = XCBuildConfiguration;
			buildSettings = {
				ALWAYS_EMBED_SWIFT_STANDARD_LIBRARIES = YES;
				BUNDLE_LOADER = "$(TEST_HOST)";
				CODE_SIGN_STYLE = Automatic;
				CURRENT_PROJECT_VERSION = 1;
				DEVELOPMENT_TEAM = 7FHY9673Y8;
				GENERATE_INFOPLIST_FILE = YES;
				IPHONEOS_DEPLOYMENT_TARGET = 17.0;
				MARKETING_VERSION = 1.0;
				PRODUCT_BUNDLE_IDENTIFIER = Yasunari.Osakabe.NoteShelfTests;
				PRODUCT_NAME = "$(TARGET_NAME)";
				SWIFT_EMIT_LOC_STRINGS = NO;
				SWIFT_VERSION = 5.0;
				TARGETED_DEVICE_FAMILY = "1,2";
				TEST_HOST = "$(BUILT_PRODUCTS_DIR)/NoteShelf.app/$(BUNDLE_EXECUTABLE_FOLDER_PATH)/NoteShelf";
			};
			name = Debug;
		};
		3E21B14D2C26A88400EAC0C3 /* Release */ = {
			isa = XCBuildConfiguration;
			buildSettings = {
				ALWAYS_EMBED_SWIFT_STANDARD_LIBRARIES = YES;
				BUNDLE_LOADER = "$(TEST_HOST)";
				CODE_SIGN_STYLE = Automatic;
				CURRENT_PROJECT_VERSION = 1;
				DEVELOPMENT_TEAM = 7FHY9673Y8;
				GENERATE_INFOPLIST_FILE = YES;
				IPHONEOS_DEPLOYMENT_TARGET = 17.0;
				MARKETING_VERSION = 1.0;
				PRODUCT_BUNDLE_IDENTIFIER = Yasunari.Osakabe.NoteShelfTests;
				PRODUCT_NAME = "$(TARGET_NAME)";
				SWIFT_EMIT_LOC_STRINGS = NO;
				SWIFT_VERSION = 5.0;
				TARGETED_DEVICE_FAMILY = "1,2";
				TEST_HOST = "$(BUILT_PRODUCTS_DIR)/NoteShelf.app/$(BUNDLE_EXECUTABLE_FOLDER_PATH)/NoteShelf";
			};
			name = Release;
		};
		3E21B14F2C26A88400EAC0C3 /* Debug */ = {
			isa = XCBuildConfiguration;
			buildSettings = {
				ALWAYS_EMBED_SWIFT_STANDARD_LIBRARIES = YES;
				CODE_SIGN_STYLE = Automatic;
				CURRENT_PROJECT_VERSION = 1;
				DEVELOPMENT_TEAM = 7FHY9673Y8;
				GENERATE_INFOPLIST_FILE = YES;
				MARKETING_VERSION = 1.0;
				PRODUCT_BUNDLE_IDENTIFIER = Yasunari.Osakabe.NoteShelfUITests;
				PRODUCT_NAME = "$(TARGET_NAME)";
				SWIFT_EMIT_LOC_STRINGS = NO;
				SWIFT_VERSION = 5.0;
				TARGETED_DEVICE_FAMILY = "1,2";
				TEST_TARGET_NAME = NoteShelf;
			};
			name = Debug;
		};
		3E21B1502C26A88400EAC0C3 /* Release */ = {
			isa = XCBuildConfiguration;
			buildSettings = {
				ALWAYS_EMBED_SWIFT_STANDARD_LIBRARIES = YES;
				CODE_SIGN_STYLE = Automatic;
				CURRENT_PROJECT_VERSION = 1;
				DEVELOPMENT_TEAM = 7FHY9673Y8;
				GENERATE_INFOPLIST_FILE = YES;
				MARKETING_VERSION = 1.0;
				PRODUCT_BUNDLE_IDENTIFIER = Yasunari.Osakabe.NoteShelfUITests;
				PRODUCT_NAME = "$(TARGET_NAME)";
				SWIFT_EMIT_LOC_STRINGS = NO;
				SWIFT_VERSION = 5.0;
				TARGETED_DEVICE_FAMILY = "1,2";
				TEST_TARGET_NAME = NoteShelf;
			};
			name = Release;
		};
/* End XCBuildConfiguration section */

/* Begin XCConfigurationList section */
		3E21B11F2C26A88200EAC0C3 /* Build configuration list for PBXProject "NoteShelf" */ = {
			isa = XCConfigurationList;
			buildConfigurations = (
				3E21B1462C26A88400EAC0C3 /* Debug */,
				3E21B1472C26A88400EAC0C3 /* Release */,
			);
			defaultConfigurationIsVisible = 0;
			defaultConfigurationName = Release;
		};
		3E21B1482C26A88400EAC0C3 /* Build configuration list for PBXNativeTarget "NoteShelf" */ = {
			isa = XCConfigurationList;
			buildConfigurations = (
				3E21B1492C26A88400EAC0C3 /* Debug */,
				3E21B14A2C26A88400EAC0C3 /* Release */,
			);
			defaultConfigurationIsVisible = 0;
			defaultConfigurationName = Release;
		};
		3E21B14B2C26A88400EAC0C3 /* Build configuration list for PBXNativeTarget "NoteShelfTests" */ = {
			isa = XCConfigurationList;
			buildConfigurations = (
				3E21B14C2C26A88400EAC0C3 /* Debug */,
				3E21B14D2C26A88400EAC0C3 /* Release */,
			);
			defaultConfigurationIsVisible = 0;
			defaultConfigurationName = Release;
		};
		3E21B14E2C26A88400EAC0C3 /* Build configuration list for PBXNativeTarget "NoteShelfUITests" */ = {
			isa = XCConfigurationList;
			buildConfigurations = (
				3E21B14F2C26A88400EAC0C3 /* Debug */,
				3E21B1502C26A88400EAC0C3 /* Release */,
			);
			defaultConfigurationIsVisible = 0;
			defaultConfigurationName = Release;
		};
/* End XCConfigurationList section */
	};
	rootObject = 3E21B11C2C26A88200EAC0C3 /* Project object */;
}
